
Microsoft Visual Studio Solution File, Format Version 10.00
# Visual Studio 2008
Project("{2150E333-8FDC-42A3-9474-1A3956D46DE8}") = "Misc", "Misc", "{67A4DB4B-CBB8-4B33-B177-ABDBBFAB04C5}"
EndProject
Project("{8BC9CEB8-8B4A-11D0-8D11-00A0C91BC942}") = "DesktopManager", "..\misc\DesktopManager\DesktopManager.vcproj", "{2B924F50-3654-48EB-B0BD-7C5AE6C08C80}"
EndProject
Project("{8BC9CEB8-8B4A-11D0-8D11-00A0C91BC942}") = "NamedPipeClient", "..\misc\NamedPipeClient\NamedPipeClient.vcproj", "{47DE67E8-0820-4838-B310-5208457F46FC}"
EndProject
Project("{8BC9CEB8-8B4A-11D0-8D11-00A0C91BC942}") = "NamedPipeServer", "..\misc\NamedPipeServer\NamedPipeServer.vcproj", "{8BFA8B0F-CDA2-42F8-81CD-A83B9D423FB1}"
EndProject
Project("{8BC9CEB8-8B4A-11D0-8D11-00A0C91BC942}") = "Process", "..\misc\Process\Process.vcproj", "{08D903E8-033A-43E1-AD5E-369A73896AA5}"
EndProject
Project("{8BC9CEB8-8B4A-11D0-8D11-00A0C91BC942}") = "Service", "..\misc\Service\Service.vcproj", "{6938B353-6B94-4159-84C0-D5B06EA408D2}"
EndProject
Project("{8BC9CEB8-8B4A-11D0-8D11-00A0C91BC942}") = "Shell", "..\misc\Shell\Shell.vcproj", "{B24C6EF5-A337-4B68-9280-AB03B8DB00D1}"
EndProject
Project("{8BC9CEB8-8B4A-11D0-8D11-00A0C91BC942}") = "Util", "..\misc\Util\Util.vcproj", "{18EDF63B-F544-4145-836D-A51BEC54F41E}"
EndProject
Project("{8BC9CEB8-8B4A-11D0-8D11-00A0C91BC942}") = "VEManager", "..\misc\VEManager\VEManager.vcproj", "{1E0A08BF-7DEB-494A-90B9-5EB998CE170C}"
EndProject
Project("{8BC9CEB8-8B4A-11D0-8D11-00A0C91BC942}") = "VEMonitor", "..\misc\VEMonitor\VEMonitor.vcproj", "{E0B31EBD-C80B-484E-A4F2-7758BD64B1B6}"
EndProject
Project("{8BC9CEB8-8B4A-11D0-8D11-00A0C91BC942}") = "VirtualOS", "..\misc\VirtualOS\VirtualOS.vcproj", "{0763591C-675C-4625-820D-0A2695AEC81E}"
EndProject
Project("{2150E333-8FDC-42A3-9474-1A3956D46DE8}") = "Sample", "Sample", "{DB5673AF-A996-4A6D-A369-5B946122D219}"
EndProject
Project("{8BC9CEB8-8B4A-11D0-8D11-00A0C91BC942}") = "CreateDesktop", "..\Sample\CreateDesktop\CreateDesktop.vcproj", "{C27997D4-2387-4DDA-980E-CCA4C39BB946}"
EndProject
Project("{8BC9CEB8-8B4A-11D0-8D11-00A0C91BC942}") = "EnumDesktops", "..\Sample\EnumDesktops\EnumDesktops.vcproj", "{4A388FEA-C967-41BF-9F86-DD97AF43DEEB}"
EndProject
Project("{8BC9CEB8-8B4A-11D0-8D11-00A0C91BC942}") = "SwitchDesktop", "..\Sample\SwitchDesktop\SwitchDesktop.vcproj", "{9D59018C-B31E-4070-852B-EA46434FDF54}"
EndProject
Project("{8BC9CEB8-8B4A-11D0-8D11-00A0C91BC942}") = "SwitchDesktopEx", "..\Sample\SwitchDesktopEx\SwitchDesktopEx.vcproj", "{0C69641E-8ED3-47FC-934F-C3E677D1A652}"
EndProject
Project("{8BC9CEB8-8B4A-11D0-8D11-00A0C91BC942}") = "Library", "..\misc\Library\Library.vcproj", "{692FAE61-1D85-4A1A-BDA7-5D9E985EC047}"
EndProject
Project("{8BC9CEB8-8B4A-11D0-8D11-00A0C91BC942}") = "WindowsMonitor", "..\misc\WindowsMonitor\WindowsMonitor.vcproj", "{9AE36814-F2CC-439F-9A5B-09F9753EAD77}"
EndProject
Project("{2150E333-8FDC-42A3-9474-1A3956D46DE8}") = "Solution Items", "Solution Items", "{2F48ADBF-9E5F-4389-B459-4C04243A68CD}"
	ProjectSection(SolutionItems) = preProject
		ReadMe.txt = ReadMe.txt
	EndProjectSection
EndProject
Project("{2150E333-8FDC-42A3-9474-1A3956D46DE8}") = "AnEasySample", "AnEasySample", "{A0705568-BAC7-4A3A-BC3A-B7FD9FBDB607}"
EndProject
Project("{8BC9CEB8-8B4A-11D0-8D11-00A0C91BC942}") = "Client", "..\Sample\Client\Client.vcproj", "{651506B3-82F5-4678-9DDE-2A766DA1B233}"
EndProject
Project("{8BC9CEB8-8B4A-11D0-8D11-00A0C91BC942}") = "CreateVE", "..\Sample\CreateVE\CreateVE.vcproj", "{D44AD61C-44E6-4B43-A9BE-A451B02197E9}"
EndProject
Project("{8BC9CEB8-8B4A-11D0-8D11-00A0C91BC942}") = "SwitchVE", "..\Sample\SwitchVE\SwitchVE.vcproj", "{BBA9346A-F500-4A73-8C86-A4CE69C2657A}"
EndProject
Project("{8BC9CEB8-8B4A-11D0-8D11-00A0C91BC942}") = "GetAllVEInfo", "..\Sample\GetAllVEInfo\GetAllVEInfo.vcproj", "{ACBB9D79-004A-42F6-A565-8CC8F828565E}"
EndProject
Project("{8BC9CEB8-8B4A-11D0-8D11-00A0C91BC942}") = "Server", "..\Sample\Server\Server.vcproj", "{41B5EFD4-E4B2-4B46-96C4-F93FAEEA3044}"
EndProject
Global
	GlobalSection(SolutionConfigurationPlatforms) = preSolution
		Debug|Win32 = Debug|Win32
		Release|Win32 = Release|Win32
	EndGlobalSection
	GlobalSection(ProjectConfigurationPlatforms) = postSolution
		{2B924F50-3654-48EB-B0BD-7C5AE6C08C80}.Debug|Win32.ActiveCfg = Debug|Win32
		{2B924F50-3654-48EB-B0BD-7C5AE6C08C80}.Debug|Win32.Build.0 = Debug|Win32
		{2B924F50-3654-48EB-B0BD-7C5AE6C08C80}.Release|Win32.ActiveCfg = Release|Win32
		{2B924F50-3654-48EB-B0BD-7C5AE6C08C80}.Release|Win32.Build.0 = Release|Win32
		{47DE67E8-0820-4838-B310-5208457F46FC}.Debug|Win32.ActiveCfg = Debug|Win32
		{47DE67E8-0820-4838-B310-5208457F46FC}.Debug|Win32.Build.0 = Debug|Win32
		{47DE67E8-0820-4838-B310-5208457F46FC}.Release|Win32.ActiveCfg = Release|Win32
		{47DE67E8-0820-4838-B310-5208457F46FC}.Release|Win32.Build.0 = Release|Win32
		{8BFA8B0F-CDA2-42F8-81CD-A83B9D423FB1}.Debug|Win32.ActiveCfg = Debug|Win32
		{8BFA8B0F-CDA2-42F8-81CD-A83B9D423FB1}.Debug|Win32.Build.0 = Debug|Win32
		{8BFA8B0F-CDA2-42F8-81CD-A83B9D423FB1}.Release|Win32.ActiveCfg = Release|Win32
		{8BFA8B0F-CDA2-42F8-81CD-A83B9D423FB1}.Release|Win32.Build.0 = Release|Win32
		{08D903E8-033A-43E1-AD5E-369A73896AA5}.Debug|Win32.ActiveCfg = Debug|Win32
		{08D903E8-033A-43E1-AD5E-369A73896AA5}.Debug|Win32.Build.0 = Debug|Win32
		{08D903E8-033A-43E1-AD5E-369A73896AA5}.Release|Win32.ActiveCfg = Release|Win32
		{08D903E8-033A-43E1-AD5E-369A73896AA5}.Release|Win32.Build.0 = Release|Win32
		{6938B353-6B94-4159-84C0-D5B06EA408D2}.Debug|Win32.ActiveCfg = Debug|Win32
		{6938B353-6B94-4159-84C0-D5B06EA408D2}.Debug|Win32.Build.0 = Debug|Win32
		{6938B353-6B94-4159-84C0-D5B06EA408D2}.Release|Win32.ActiveCfg = Release|Win32
		{6938B353-6B94-4159-84C0-D5B06EA408D2}.Release|Win32.Build.0 = Release|Win32
		{B24C6EF5-A337-4B68-9280-AB03B8DB00D1}.Debug|Win32.ActiveCfg = Debug|Win32
		{B24C6EF5-A337-4B68-9280-AB03B8DB00D1}.Debug|Win32.Build.0 = Debug|Win32
		{B24C6EF5-A337-4B68-9280-AB03B8DB00D1}.Release|Win32.ActiveCfg = Release|Win32
		{B24C6EF5-A337-4B68-9280-AB03B8DB00D1}.Release|Win32.Build.0 = Release|Win32
		{18EDF63B-F544-4145-836D-A51BEC54F41E}.Debug|Win32.ActiveCfg = Debug|Win32
		{18EDF63B-F544-4145-836D-A51BEC54F41E}.Debug|Win32.Build.0 = Debug|Win32
		{18EDF63B-F544-4145-836D-A51BEC54F41E}.Release|Win32.ActiveCfg = Release|Win32
		{18EDF63B-F544-4145-836D-A51BEC54F41E}.Release|Win32.Build.0 = Release|Win32
		{1E0A08BF-7DEB-494A-90B9-5EB998CE170C}.Debug|Win32.ActiveCfg = Debug|Win32
		{1E0A08BF-7DEB-494A-90B9-5EB998CE170C}.Debug|Win32.Build.0 = Debug|Win32
		{1E0A08BF-7DEB-494A-90B9-5EB998CE170C}.Release|Win32.ActiveCfg = Release|Win32
		{1E0A08BF-7DEB-494A-90B9-5EB998CE170C}.Release|Win32.Build.0 = Release|Win32
		{E0B31EBD-C80B-484E-A4F2-7758BD64B1B6}.Debug|Win32.ActiveCfg = Debug|Win32
		{E0B31EBD-C80B-484E-A4F2-7758BD64B1B6}.Debug|Win32.Build.0 = Debug|Win32
		{E0B31EBD-C80B-484E-A4F2-7758BD64B1B6}.Release|Win32.ActiveCfg = Release|Win32
		{E0B31EBD-C80B-484E-A4F2-7758BD64B1B6}.Release|Win32.Build.0 = Release|Win32
		{0763591C-675C-4625-820D-0A2695AEC81E}.Debug|Win32.ActiveCfg = Debug|Win32
		{0763591C-675C-4625-820D-0A2695AEC81E}.Debug|Win32.Build.0 = Debug|Win32
		{0763591C-675C-4625-820D-0A2695AEC81E}.Release|Win32.ActiveCfg = Release|Win32
		{0763591C-675C-4625-820D-0A2695AEC81E}.Release|Win32.Build.0 = Release|Win32
		{C27997D4-2387-4DDA-980E-CCA4C39BB946}.Debug|Win32.ActiveCfg = Debug|Win32
		{C27997D4-2387-4DDA-980E-CCA4C39BB946}.Debug|Win32.Build.0 = Debug|Win32
		{C27997D4-2387-4DDA-980E-CCA4C39BB946}.Release|Win32.ActiveCfg = Release|Win32
		{C27997D4-2387-4DDA-980E-CCA4C39BB946}.Release|Win32.Build.0 = Release|Win32
		{4A388FEA-C967-41BF-9F86-DD97AF43DEEB}.Debug|Win32.ActiveCfg = Debug|Win32
		{4A388FEA-C967-41BF-9F86-DD97AF43DEEB}.Debug|Win32.Build.0 = Debug|Win32
		{4A388FEA-C967-41BF-9F86-DD97AF43DEEB}.Release|Win32.ActiveCfg = Release|Win32
		{4A388FEA-C967-41BF-9F86-DD97AF43DEEB}.Release|Win32.Build.0 = Release|Win32
		{9D59018C-B31E-4070-852B-EA46434FDF54}.Debug|Win32.ActiveCfg = Debug|Win32
		{9D59018C-B31E-4070-852B-EA46434FDF54}.Debug|Win32.Build.0 = Debug|Win32
		{9D59018C-B31E-4070-852B-EA46434FDF54}.Release|Win32.ActiveCfg = Release|Win32
		{9D59018C-B31E-4070-852B-EA46434FDF54}.Release|Win32.Build.0 = Release|Win32
		{0C69641E-8ED3-47FC-934F-C3E677D1A652}.Debug|Win32.ActiveCfg = Debug|Win32
		{0C69641E-8ED3-47FC-934F-C3E677D1A652}.Debug|Win32.Build.0 = Debug|Win32
		{0C69641E-8ED3-47FC-934F-C3E677D1A652}.Release|Win32.ActiveCfg = Release|Win32
		{0C69641E-8ED3-47FC-934F-C3E677D1A652}.Release|Win32.Build.0 = Release|Win32
		{692FAE61-1D85-4A1A-BDA7-5D9E985EC047}.Debug|Win32.ActiveCfg = Debug|Win32
		{692FAE61-1D85-4A1A-BDA7-5D9E985EC047}.Debug|Win32.Build.0 = Debug|Win32
		{692FAE61-1D85-4A1A-BDA7-5D9E985EC047}.Release|Win32.ActiveCfg = Release|Win32
		{692FAE61-1D85-4A1A-BDA7-5D9E985EC047}.Release|Win32.Build.0 = Release|Win32
		{9AE36814-F2CC-439F-9A5B-09F9753EAD77}.Debug|Win32.ActiveCfg = Debug|Win32
		{9AE36814-F2CC-439F-9A5B-09F9753EAD77}.Debug|Win32.Build.0 = Debug|Win32
		{9AE36814-F2CC-439F-9A5B-09F9753EAD77}.Release|Win32.ActiveCfg = Release|Win32
		{9AE36814-F2CC-439F-9A5B-09F9753EAD77}.Release|Win32.Build.0 = Release|Win32
		{651506B3-82F5-4678-9DDE-2A766DA1B233}.Debug|Win32.ActiveCfg = Debug|Win32
		{651506B3-82F5-4678-9DDE-2A766DA1B233}.Debug|Win32.Build.0 = Debug|Win32
		{651506B3-82F5-4678-9DDE-2A766DA1B233}.Release|Win32.ActiveCfg = Release|Win32
		{651506B3-82F5-4678-9DDE-2A766DA1B233}.Release|Win32.Build.0 = Release|Win32
		{D44AD61C-44E6-4B43-A9BE-A451B02197E9}.Debug|Win32.ActiveCfg = Debug|Win32
		{D44AD61C-44E6-4B43-A9BE-A451B02197E9}.Debug|Win32.Build.0 = Debug|Win32
		{D44AD61C-44E6-4B43-A9BE-A451B02197E9}.Release|Win32.ActiveCfg = Release|Win32
		{D44AD61C-44E6-4B43-A9BE-A451B02197E9}.Release|Win32.Build.0 = Release|Win32
		{BBA9346A-F500-4A73-8C86-A4CE69C2657A}.Debug|Win32.ActiveCfg = Debug|Win32
		{BBA9346A-F500-4A73-8C86-A4CE69C2657A}.Debug|Win32.Build.0 = Debug|Win32
		{BBA9346A-F500-4A73-8C86-A4CE69C2657A}.Release|Win32.ActiveCfg = Release|Win32
		{BBA9346A-F500-4A73-8C86-A4CE69C2657A}.Release|Win32.Build.0 = Release|Win32
		{ACBB9D79-004A-42F6-A565-8CC8F828565E}.Debug|Win32.ActiveCfg = Debug|Win32
		{ACBB9D79-004A-42F6-A565-8CC8F828565E}.Debug|Win32.Build.0 = Debug|Win32
		{ACBB9D79-004A-42F6-A565-8CC8F828565E}.Release|Win32.ActiveCfg = Release|Win32
		{ACBB9D79-004A-42F6-A565-8CC8F828565E}.Release|Win32.Build.0 = Release|Win32
		{41B5EFD4-E4B2-4B46-96C4-F93FAEEA3044}.Debug|Win32.ActiveCfg = Debug|Win32
		{41B5EFD4-E4B2-4B46-96C4-F93FAEEA3044}.Debug|Win32.Build.0 = Debug|Win32
		{41B5EFD4-E4B2-4B46-96C4-F93FAEEA3044}.Release|Win32.ActiveCfg = Release|Win32
		{41B5EFD4-E4B2-4B46-96C4-F93FAEEA3044}.Release|Win32.Build.0 = Release|Win32
	EndGlobalSection
	GlobalSection(SolutionProperties) = preSolution
		HideSolutionNode = FALSE
	EndGlobalSection
	GlobalSection(NestedProjects) = preSolution
		{2B924F50-3654-48EB-B0BD-7C5AE6C08C80} = {67A4DB4B-CBB8-4B33-B177-ABDBBFAB04C5}
		{47DE67E8-0820-4838-B310-5208457F46FC} = {67A4DB4B-CBB8-4B33-B177-ABDBBFAB04C5}
		{8BFA8B0F-CDA2-42F8-81CD-A83B9D423FB1} = {67A4DB4B-CBB8-4B33-B177-ABDBBFAB04C5}
		{08D903E8-033A-43E1-AD5E-369A73896AA5} = {67A4DB4B-CBB8-4B33-B177-ABDBBFAB04C5}
		{6938B353-6B94-4159-84C0-D5B06EA408D2} = {67A4DB4B-CBB8-4B33-B177-ABDBBFAB04C5}
		{B24C6EF5-A337-4B68-9280-AB03B8DB00D1} = {67A4DB4B-CBB8-4B33-B177-ABDBBFAB04C5}
		{18EDF63B-F544-4145-836D-A51BEC54F41E} = {67A4DB4B-CBB8-4B33-B177-ABDBBFAB04C5}
		{1E0A08BF-7DEB-494A-90B9-5EB998CE170C} = {67A4DB4B-CBB8-4B33-B177-ABDBBFAB04C5}
		{E0B31EBD-C80B-484E-A4F2-7758BD64B1B6} = {67A4DB4B-CBB8-4B33-B177-ABDBBFAB04C5}
		{0763591C-675C-4625-820D-0A2695AEC81E} = {67A4DB4B-CBB8-4B33-B177-ABDBBFAB04C5}
		{692FAE61-1D85-4A1A-BDA7-5D9E985EC047} = {67A4DB4B-CBB8-4B33-B177-ABDBBFAB04C5}
		{9AE36814-F2CC-439F-9A5B-09F9753EAD77} = {67A4DB4B-CBB8-4B33-B177-ABDBBFAB04C5}
		{C27997D4-2387-4DDA-980E-CCA4C39BB946} = {DB5673AF-A996-4A6D-A369-5B946122D219}
		{4A388FEA-C967-41BF-9F86-DD97AF43DEEB} = {DB5673AF-A996-4A6D-A369-5B946122D219}
		{9D59018C-B31E-4070-852B-EA46434FDF54} = {DB5673AF-A996-4A6D-A369-5B946122D219}
		{0C69641E-8ED3-47FC-934F-C3E677D1A652} = {DB5673AF-A996-4A6D-A369-5B946122D219}
		{A0705568-BAC7-4A3A-BC3A-B7FD9FBDB607} = {DB5673AF-A996-4A6D-A369-5B946122D219}
		{651506B3-82F5-4678-9DDE-2A766DA1B233} = {A0705568-BAC7-4A3A-BC3A-B7FD9FBDB607}
		{D44AD61C-44E6-4B43-A9BE-A451B02197E9} = {A0705568-BAC7-4A3A-BC3A-B7FD9FBDB607}
		{BBA9346A-F500-4A73-8C86-A4CE69C2657A} = {A0705568-BAC7-4A3A-BC3A-B7FD9FBDB607}
		{ACBB9D79-004A-42F6-A565-8CC8F828565E} = {A0705568-BAC7-4A3A-BC3A-B7FD9FBDB607}
		{41B5EFD4-E4B2-4B46-96C4-F93FAEEA3044} = {A0705568-BAC7-4A3A-BC3A-B7FD9FBDB607}
	EndGlobalSection
EndGlobal
